
Microsoft Visual Studio Solution File, Format Version 12.00
# Visual Studio 15
VisualStudioVersion = 15.0.26730.10
MinimumVisualStudioVersion = 10.0.40219.1
Project("{8BC9CEB8-8B4A-11D0-8D11-00A0C91BC942}") = "automated_deduction", "automated_deduction\automated_deduction.vcxproj", "{9EF8FC70-BDED-4941-BA7B-8FF146982EB1}"
EndProject
Global
	GlobalSection(SolutionConfigurationPlatforms) = preSolution
		Debug|x64 = Debug|x64
		Debug|x86 = Debug|x86
		Release|x64 = Release|x64
		Release|x86 = Release|x86
	EndGlobalSection
	GlobalSection(ProjectConfigurationPlatforms) = postSolution
		{9EF8FC70-BDED-4941-BA7B-8FF146982EB1}.Debug|x64.ActiveCfg = Debug|x64
		{9EF8FC70-BDED-4941-BA7B-8FF146982EB1}.Debug|x64.Build.0 = Debug|x64
		{9EF8FC70-BDED-4941-BA7B-8FF146982EB1}.Debug|x86.ActiveCfg = Debug|Win32
		{9EF8FC70-BDED-4941-BA7B-8FF146982EB1}.Debug|x86.Build.0 = Debug|Win32
		{9EF8FC70-BDED-4941-BA7B-8FF146982EB1}.Release|x64.ActiveCfg = Release|x64
		{9EF8FC70-BDED-4941-BA7B-8FF146982EB1}.Release|x64.Build.0 = Release|x64
		{9EF8FC70-BDED-4941-BA7B-8FF146982EB1}.Release|x86.ActiveCfg = Release|Win32
		{9EF8FC70-BDED-4941-BA7B-8FF146982EB1}.Release|x86.Build.0 = Release|Win32
	EndGlobalSection
	GlobalSection(SolutionProperties) = preSolution
		HideSolutionNode = FALSE
	EndGlobalSection
	GlobalSection(ExtensibilityGlobals) = postSolution
		SolutionGuid = {6799C030-D8FF-4DE8-B62E-3E980D0DD484}
	EndGlobalSection
EndGlobal
